Microsoft Visual Studio Solution File, Format Version 12.00
# Visual Studio Version 17
VisualStudioVersion = 17.10.0.0
MinimumVisualStudioVersion = 10.0.40219.1
Project("{FAE04EC0-301F-11D3-BF4B-00C04F79EFBC}") = "IMBridge", "IMBridge\IMBridge.csproj", "{0C6D219C-BD02-45DC-A706-62915A7E4971}"
EndProject
Project("{FAE04EC0-301F-11D3-BF4B-00C04F79EFBC}") = "IMBridge.Tests", "IMBridge.Tests\IMBridge.Tests.csproj", "{610DE54A-1652-4262-9B63-14D74768CA44}"
EndProject
Global
	GlobalSection(SolutionConfigurationPlatforms) = preSolution
		Debug|Any CPU = Debug|Any CPU
		Release|Any CPU = Release|Any CPU
	EndGlobalSection
	GlobalSection(ProjectConfigurationPlatforms) = postSolution
		{0C6D219C-BD02-45DC-A706-62915A7E4971}.Debug|Any CPU.ActiveCfg = Debug|Any CPU
		{0C6D219C-BD02-45DC-A706-62915A7E4971}.Debug|Any CPU.Build.0 = Debug|Any CPU
		{0C6D219C-BD02-45DC-A706-62915A7E4971}.Release|Any CPU.ActiveCfg = Release|Any CPU
		{0C6D219C-BD02-45DC-A706-62915A7E4971}.Release|Any CPU.Build.0 = Release|Any CPU
		{610DE54A-1652-4262-9B63-14D74768CA44}.Debug|Any CPU.ActiveCfg = Debug|Any CPU
		{610DE54A-1652-4262-9B63-14D74768CA44}.Debug|Any CPU.Build.0 = Debug|Any CPU
		{610DE54A-1652-4262-9B63-14D74768CA44}.Release|Any CPU.ActiveCfg = Release|Any CPU
		{610DE54A-1652-4262-9B63-14D74768CA44}.Release|Any CPU.Build.0 = Release|Any CPU
	EndGlobalSection
EndGlobal